// !$*UTF8*$!
{
	archiveVersion = 1;
	classes = {
	};
	objectVersion = 46;
	objects = {

/* Begin PBXBuildFile section */
		4ACEB57F1DD17F7600D1A058 /* AppDelegate.swift in Sources */ = {isa = PBXBuildFile; fileRef = 4ACEB57E1DD17F7600D1A058 /* AppDelegate.swift */; };
		4ACEB5811DD17F7600D1A058 /* ViewController.swift in Sources */ = {isa = PBXBuildFile; fileRef = 4ACEB5801DD17F7600D1A058 /* ViewController.swift */; };
		4ACEB5841DD17F7700D1A058 /* Main.storyboard in Resources */ = {isa = PBXBuildFile; fileRef = 4ACEB5821DD17F7700D1A058 /* Main.storyboard */; };
		4ACEB5861DD17F7700D1A058 /* Assets.xcassets in Resources */ = {isa = PBXBuildFile; fileRef = 4ACEB5851DD17F7700D1A058 /* Assets.xcassets */; };
		4ACEB5891DD17F7700D1A058 /* LaunchScreen.storyboard in Resources */ = {isa = PBXBuildFile; fileRef = 4ACEB5871DD17F7700D1A058 /* LaunchScreen.storyboard */; };
		4ACEB5941DD17F7700D1A058 /* ScanQRCodeTests.swift in Sources */ = {isa = PBXBuildFile; fileRef = 4ACEB5931DD17F7700D1A058 /* ScanQRCodeTests.swift */; };
		4ACEB59F1DD17F7700D1A058 /* ScanQRCodeUITests.swift in Sources */ = {isa = PBXBuildFile; fileRef = 4ACEB59E1DD17F7700D1A058 /* ScanQRCodeUITests.swift */; };
		4ACEB5AE1DD1800400D1A058 /* QRCode.swift in Sources */ = {isa = PBXBuildFile; fileRef = 4ACEB5AC1DD1800400D1A058 /* QRCode.swift */; };
		4ACEB5AF1DD1800400D1A058 /* SsQRCodeView.swift in Sources */ = {isa = PBXBuildFile; fileRef = 4ACEB5AD1DD1800400D1A058 /* SsQRCodeView.swift */; };
/* End PBXBuildFile section */

/* Begin PBXContainerItemProxy section */
		4ACEB5901DD17F7700D1A058 /* PBXContainerItemProxy */ = {
			isa = PBXContainerItemProxy;
			containerPortal = 4ACEB5731DD17F7600D1A058 /* Project object */;
			proxyType = 1;
			remoteGlobalIDString = 4ACEB57A1DD17F7600D1A058;
			remoteInfo = ScanQRCode;
		};
		4ACEB59B1DD17F7700D1A058 /* PBXContainerItemProxy */ = {
			isa = PBXContainerItemProxy;
			containerPortal = 4ACEB5731DD17F7600D1A058 /* Project object */;
			proxyType = 1;
			remoteGlobalIDString = 4ACEB57A1DD17F7600D1A058;
			remoteInfo = ScanQRCode;
		};
/* End PBXContainerItemProxy section */

/* Begin PBXFileReference section */
		4ACEB57B1DD17F7600D1A058 /* ScanQRCode.app */ = {isa = PBXFileReference; explicitFileType = wrapper.application; includeInIndex = 0; path = ScanQRCode.app; sourceTree = BUILT_PRODUCTS_DIR; };
		4ACEB57E1DD17F7600D1A058 /* AppDelegate.swift */ = {isa = PBXFileReference; lastKnownFileType = sourcecode.swift; path = AppDelegate.swift; sourceTree = "<group>"; };
		4ACEB5801DD17F7600D1A058 /* ViewController.swift */ = {isa = PBXFileReference; lastKnownFileType = sourcecode.swift; path = ViewController.swift; sourceTree = "<group>"; };
		4ACEB5831DD17F7700D1A058 /* Base */ = {isa = PBXFileReference; lastKnownFileType = file.storyboard; name = Base; path = Base.lproj/Main.storyboard; sourceTree = "<group>"; };
		4ACEB5851DD17F7700D1A058 /* Assets.xcassets */ = {isa = PBXFileReference; lastKnownFileType = folder.assetcatalog; path = Assets.xcassets; sourceTree = "<group>"; };
		4ACEB5881DD17F7700D1A058 /* Base */ = {isa = PBXFileReference; lastKnownFileType = file.storyboard; name = Base; path = Base.lproj/LaunchScreen.storyboard; sourceTree = "<group>"; };
		4ACEB58A1DD17F7700D1A058 /* Info.plist */ = {isa = PBXFileReference; lastKnownFileType = text.plist.xml; path = Info.plist; sourceTree = "<group>"; };
		4ACEB58F1DD17F7700D1A058 /* ScanQRCodeTests.xctest */ = {isa = PBXFileReference; explicitFileType = wrapper.cfbundle; includeInIndex = 0; path = ScanQRCodeTests.xctest; sourceTree = BUILT_PRODUCTS_DIR; };
		4ACEB5931DD17F7700D1A058 /* ScanQRCodeTests.swift */ = {isa = PBXFileReference; lastKnownFileType = sourcecode.swift; path = ScanQRCodeTests.swift; sourceTree = "<group>"; };
		4ACEB5951DD17F7700D1A058 /* Info.plist */ = {isa = PBXFileReference; lastKnownFileType = text.plist.xml; path = Info.plist; sourceTree = "<group>"; };
		4ACEB59A1DD17F7700D1A058 /* ScanQRCodeUITests.xctest */ = {isa = PBXFileReference; explicitFileType = wrapper.cfbundle; includeInIndex = 0; path = ScanQRCodeUITests.xctest; sourceTree = BUILT_PRODUCTS_DIR; };
		4ACEB59E1DD17F7700D1A058 /* ScanQRCodeUITests.swift */ = {isa = PBXFileReference; lastKnownFileType = sourcecode.swift; path = ScanQRCodeUITests.swift; sourceTree = "<group>"; };
		4ACEB5A01DD17F7700D1A058 /* Info.plist */ = {isa = PBXFileReference; lastKnownFileType = text.plist.xml; path = Info.plist; sourceTree = "<group>"; };
		4ACEB5AC1DD1800400D1A058 /* QRCode.swift */ = {isa = PBXFileReference; fileEncoding = 4; lastKnownFileType = sourcecode.swift; path = QRCode.swift; sourceTree = "<group>"; };
		4ACEB5AD1DD1800400D1A058 /* SsQRCodeView.swift */ = {isa = PBXFileReference; fileEncoding = 4; lastKnownFileType = sourcecode.swift; path = SsQRCodeView.swift; sourceTree = "<group>"; };
/* End PBXFileReference section */

/* Begin PBXFrameworksBuildPhase section */
		4ACEB5781DD17F7600D1A058 /* Frameworks */ = {
			isa = PBXFrameworksBuildPhase;
			buildActionMask = 2147483647;
			files = (
			);
			runOnlyForDeploymentPostprocessing = 0;
		};
		4ACEB58C1DD17F7700D1A058 /* Frameworks */ = {
			isa = PBXFrameworksBuildPhase;
			buildActionMask = 2147483647;
			files = (
			);
			runOnlyForDeploymentPostprocessing = 0;
		};
		4ACEB5971DD17F7700D1A058 /* Frameworks */ = {
			isa = PBXFrameworksBuildPhase;
			buildActionMask = 2147483647;
			files = (
			);
			runOnlyForDeploymentPostprocessing = 0;
		};
/* End PBXFrameworksBuildPhase section */

/* Begin PBXGroup section */
		4ACEB5721DD17F7600D1A058 = {
			isa = PBXGroup;
			children = (
				4ACEB57D1DD17F7600D1A058 /* ScanQRCode */,
				4ACEB5921DD17F7700D1A058 /* ScanQRCodeTests */,
				4ACEB59D1DD17F7700D1A058 /* ScanQRCodeUITests */,
				4ACEB57C1DD17F7600D1A058 /* Products */,
			);
			sourceTree = "<group>";
		};
		4ACEB57C1DD17F7600D1A058 /* Products */ = {
			isa = PBXGroup;
			children = (
				4ACEB57B1DD17F7600D1A058 /* ScanQRCode.app */,
				4ACEB58F1DD17F7700D1A058 /* ScanQRCodeTests.xctest */,
				4ACEB59A1DD17F7700D1A058 /* ScanQRCodeUITests.xctest */,
			);
			name = Products;
			sourceTree = "<group>";
		};
		4ACEB57D1DD17F7600D1A058 /* ScanQRCode */ = {
			isa = PBXGroup;
			children = (
				4ACEB57E1DD17F7600D1A058 /* AppDelegate.swift */,
				4ACEB5801DD17F7600D1A058 /* ViewController.swift */,
				4ACEB5AC1DD1800400D1A058 /* QRCode.swift */,
				4ACEB5AD1DD1800400D1A058 /* SsQRCodeView.swift */,
				4ACEB5821DD17F7700D1A058 /* Main.storyboard */,
				4ACEB5851DD17F7700D1A058 /* Assets.xcassets */,
				4ACEB5871DD17F7700D1A058 /* LaunchScreen.storyboard */,
				4ACEB58A1DD17F7700D1A058 /* Info.plist */,
			);
			path = ScanQRCode;
			sourceTree = "<group>";
		};
		4ACEB5921DD17F7700D1A058 /* ScanQRCodeTests */ = {
			isa = PBXGroup;
			children = (
				4ACEB5931DD17F7700D1A058 /* ScanQRCodeTests.swift */,
				4ACEB5951DD17F7700D1A058 /* Info.plist */,
			);
			path = ScanQRCodeTests;
			sourceTree = "<group>";
		};
		4ACEB59D1DD17F7700D1A058 /* ScanQRCodeUITests */ = {
			isa = PBXGroup;
			children = (
				4ACEB59E1DD17F7700D1A058 /* ScanQRCodeUITests.swift */,
				4ACEB5A01DD17F7700D1A058 /* Info.plist */,
			);
			path = ScanQRCodeUITests;
			sourceTree = "<group>";
		};
/* End PBXGroup section */

/* Begin PBXNativeTarget section */
		4ACEB57A1DD17F7600D1A058 /* ScanQRCode */ = {
			isa = PBXNativeTarget;
			buildConfigurationList = 4ACEB5A31DD17F7700D1A058 /* Build configuration list for PBXNativeTarget "ScanQRCode" */;
			buildPhases = (
				4ACEB5771DD17F7600D1A058 /* Sources */,
				4ACEB5781DD17F7600D1A058 /* Frameworks */,
				4ACEB5791DD17F7600D1A058 /* Resources */,
			);
			buildRules = (
			);
			dependencies = (
			);
			name = ScanQRCode;
			productName = ScanQRCode;
			productReference = 4ACEB57B1DD17F7600D1A058 /* ScanQRCode.app */;
			productType = "com.apple.product-type.application";
		};
		4ACEB58E1DD17F7700D1A058 /* ScanQRCodeTests */ = {
			isa = PBXNativeTarget;
			buildConfigurationList = 4ACEB5A61DD17F7700D1A058 /* Build configuration list for PBXNativeTarget "ScanQRCodeTests" */;
			buildPhases = (
				4ACEB58B1DD17F7700D1A058 /* Sources */,
				4ACEB58C1DD17F7700D1A058 /* Frameworks */,
				4ACEB58D1DD17F7700D1A058 /* Resources */,
			);
			buildRules = (
			);
			dependencies = (
				4ACEB5911DD17F7700D1A058 /* PBXTargetDependency */,
			);
			name = ScanQRCodeTests;
			productName = ScanQRCodeTests;
			productReference = 4ACEB58F1DD17F7700D1A058 /* ScanQRCodeTests.xctest */;
			productType = "com.apple.product-type.bundle.unit-test";
		};
		4ACEB5991DD17F7700D1A058 /* ScanQRCodeUITests */ = {
			isa = PBXNativeTarget;
			buildConfigurationList = 4ACEB5A91DD17F7700D1A058 /* Build configuration list for PBXNativeTarget "ScanQRCodeUITests" */;
			buildPhases = (
				4ACEB5961DD17F7700D1A058 /* Sources */,
				4ACEB5971DD17F7700D1A058 /* Frameworks */,
				4ACEB5981DD17F7700D1A058 /* Resources */,
			);
			buildRules = (
			);
			dependencies = (
				4ACEB59C1DD17F7700D1A058 /* PBXTargetDependency */,
			);
			name = ScanQRCodeUITests;
			productName = ScanQRCodeUITests;
			productReference = 4ACEB59A1DD17F7700D1A058 /* ScanQRCodeUITests.xctest */;
			productType = "com.apple.product-type.bundle.ui-testing";
		};
/* End PBXNativeTarget section */

/* Begin PBXProject section */
		4ACEB5731DD17F7600D1A058 /* Project object */ = {
			isa = PBXProject;
			attributes = {
				LastSwiftUpdateCheck = 0800;
				LastUpgradeCheck = 0800;
				ORGANIZATIONNAME = simpsons;
				TargetAttributes = {
					4ACEB57A1DD17F7600D1A058 = {
						CreatedOnToolsVersion = 8.0;
						DevelopmentTeam = LG24S6VK7R;
						ProvisioningStyle = Automatic;
					};
					4ACEB58E1DD17F7700D1A058 = {
						CreatedOnToolsVersion = 8.0;
						ProvisioningStyle = Automatic;
						TestTargetID = 4ACEB57A1DD17F7600D1A058;
					};
					4ACEB5991DD17F7700D1A058 = {
						CreatedOnToolsVersion = 8.0;
						ProvisioningStyle = Automatic;
						TestTargetID = 4ACEB57A1DD17F7600D1A058;
					};
				};
			};
			buildConfigurationList = 4ACEB5761DD17F7600D1A058 /* Build configuration list for PBXProject "ScanQRCode" */;
			compatibilityVersion = "Xcode 3.2";
			developmentRegion = English;
			hasScannedForEncodings = 0;
			knownRegions = (
				en,
				Base,
			);
			mainGroup = 4ACEB5721DD17F7600D1A058;
			productRefGroup = 4ACEB57C1DD17F7600D1A058 /* Products */;
			projectDirPath = "";
			projectRoot = "";
			targets = (
				4ACEB57A1DD17F7600D1A058 /* ScanQRCode */,
				4ACEB58E1DD17F7700D1A058 /* ScanQRCodeTests */,
				4ACEB5991DD17F7700D1A058 /* ScanQRCodeUITests */,
			);
		};
/* End PBXProject section */

/* Begin PBXResourcesBuildPhase section */
		4ACEB5791DD17F7600D1A058 /* Resources */ = {
			isa = PBXResourcesBuildPhase;
			buildActionMask = 2147483647;
			files = (
				4ACEB5891DD17F7700D1A058 /* LaunchScreen.storyboard in Resources */,
				4ACEB5861DD17F7700D1A058 /* Assets.xcassets in Resources */,
				4ACEB5841DD17F7700D1A058 /* Main.storyboard in Resources */,
			);
			runOnlyForDeploymentPostprocessing = 0;
		};
		4ACEB58D1DD17F7700D1A058 /* Resources */ = {
			isa = PBXResourcesBuildPhase;
			buildActionMask = 2147483647;
			files = (
			);
			runOnlyForDeploymentPostprocessing = 0;
		};
		4ACEB5981DD17F7700D1A058 /* Resources */ = {
			isa = PBXResourcesBuildPhase;
			buildActionMask = 2147483647;
			files = (
			);
			runOnlyForDeploymentPostprocessing = 0;
		};
/* End PBXResourcesBuildPhase section */

/* Begin PBXSourcesBuildPhase section */
		4ACEB5771DD17F7600D1A058 /* Sources */ = {
			isa = PBXSourcesBuildPhase;
			buildActionMask = 2147483647;
			files = (
				4ACEB5AF1DD1800400D1A058 /* SsQRCodeView.swift in Sources */,
				4ACEB5811DD17F7600D1A058 /* ViewController.swift in Sources */,
				4ACEB57F1DD17F7600D1A058 /* AppDelegate.swift in Sources */,
				4ACEB5AE1DD1800400D1A058 /* QRCode.swift in Sources */,
			);
			runOnlyForDeploymentPostprocessing = 0;
		};
		4ACEB58B1DD17F7700D1A058 /* Sources */ = {
			isa = PBXSourcesBuildPhase;
			buildActionMask = 2147483647;
			files = (
				4ACEB5941DD17F7700D1A058 /* ScanQRCodeTests.swift in Sources */,
			);
			runOnlyForDeploymentPostprocessing = 0;
		};
		4ACEB5961DD17F7700D1A058 /* Sources */ = {
			isa = PBXSourcesBuildPhase;
			buildActionMask = 2147483647;
			files = (
				4ACEB59F1DD17F7700D1A058 /* ScanQRCodeUITests.swift in Sources */,
			);
			runOnlyForDeploymentPostprocessing = 0;
		};
/* End PBXSourcesBuildPhase section */

/* Begin PBXTargetDependency section */
		4ACEB5911DD17F7700D1A058 /* PBXTargetDependency */ = {
			isa = PBXTargetDependency;
			target = 4ACEB57A1DD17F7600D1A058 /* ScanQRCode */;
			targetProxy = 4ACEB5901DD17F7700D1A058 /* PBXContainerItemProxy */;
		};
		4ACEB59C1DD17F7700D1A058 /* PBXTargetDependency */ = {
			isa = PBXTargetDependency;
			target = 4ACEB57A1DD17F7600D1A058 /* ScanQRCode */;
			targetProxy = 4ACEB59B1DD17F7700D1A058 /* PBXContainerItemProxy */;
		};
/* End PBXTargetDependency section */

/* Begin PBXVariantGroup section */
		4ACEB5821DD17F7700D1A058 /* Main.storyboard */ = {
			isa = PBXVariantGroup;
			children = (
				4ACEB5831DD17F7700D1A058 /* Base */,
			);
			name = Main.storyboard;
			sourceTree = "<group>";
		};
		4ACEB5871DD17F7700D1A058 /* LaunchScreen.storyboard */ = {
			isa = PBXVariantGroup;
			children = (
				4ACEB5881DD17F7700D1A058 /* Base */,
			);
			name = LaunchScreen.storyboard;
			sourceTree = "<group>";
		};
/* End PBXVariantGroup section */

/* Begin XCBuildConfiguration section */
		4ACEB5A11DD17F7700D1A058 /* Debug */ = {
			isa = XCBuildConfiguration;
			buildSettings = {
				ALWAYS_SEARCH_USER_PATHS = NO;
				CLANG_ANALYZER_NONNULL = YES;
				CLANG_CXX_LANGUAGE_STANDARD = "gnu++0x";
				CLANG_CXX_LIBRARY = "libc++";
				CLANG_ENABLE_MODULES = YES;
				CLANG_ENABLE_OBJC_ARC = YES;
				CLANG_WARN_BOOL_CONVERSION = YES;
				CLANG_WARN_CONSTANT_CONVERSION = YES;
				CLANG_WARN_DIRECT_OBJC_ISA_USAGE = YES_ERROR;
				CLANG_WARN_DOCUMENTATION_COMMENTS = YES;
				CLANG_WARN_EMPTY_BODY = YES;
				CLANG_WARN_ENUM_CONVERSION = YES;
				CLANG_WARN_INFINITE_RECURSION = YES;
				CLANG_WARN_INT_CONVERSION = YES;
				CLANG_WARN_OBJC_ROOT_CLASS = YES_ERROR;
				CLANG_WARN_SUSPICIOUS_MOVES = YES;
				CLANG_WARN_UNREACHABLE_CODE = YES;
				CLANG_WARN__DUPLICATE_METHOD_MATCH = YES;
				"CODE_SIGN_IDENTITY[sdk=iphoneos*]" = "iPhone Developer";
				COPY_PHASE_STRIP = NO;
				DEBUG_INFORMATION_FORMAT = dwarf;
				ENABLE_STRICT_OBJC_MSGSEND = YES;
				ENABLE_TESTABILITY = YES;
				GCC_C_LANGUAGE_STANDARD = gnu99;
				GCC_DYNAMIC_NO_PIC = NO;
				GCC_NO_COMMON_BLOCKS = YES;
				GCC_OPTIMIZATION_LEVEL = 0;
				GCC_PREPROCESSOR_DEFINITIONS = (
					"DEBUG=1",
					"$(inherited)",
				);
				GCC_WARN_64_TO_32_BIT_CONVERSION = YES;
				GCC_WARN_ABOUT_RETURN_TYPE = YES_ERROR;
				GCC_WARN_UNDECLARED_SELECTOR = YES;
				GCC_WARN_UNINITIALIZED_AUTOS = YES_AGGRESSIVE;
				GCC_WARN_UNUSED_FUNCTION = YES;
				GCC_WARN_UNUSED_VARIABLE = YES;
				IPHONEOS_DEPLOYMENT_TARGET = 10.0;
				MTL_ENABLE_DEBUG_INFO = YES;
				ONLY_ACTIVE_ARCH = YES;
				SDKROOT = iphoneos;
				SWIFT_ACTIVE_COMPILATION_CONDITIONS = DEBUG;
				SWIFT_OPTIMIZATION_LEVEL = "-Onone";
				TARGETED_DEVICE_FAMILY = "1,2";
			};
			name = Debug;
		};
		4ACEB5A21DD17F7700D1A058 /* Release */ = {
			isa = XCBuildConfiguration;
			buildSettings = {
				ALWAYS_SEARCH_USER_PATHS = NO;
				CLANG_ANALYZER_NONNULL = YES;
				CLANG_CXX_LANGUAGE_STANDARD = "gnu++0x";
				CLANG_CXX_LIBRARY = "libc++";
				CLANG_ENABLE_MODULES = YES;
				CLANG_ENABLE_OBJC_ARC = YES;
				CLANG_WARN_BOOL_CONVERSION = YES;
				CLANG_WARN_CONSTANT_CONVERSION = YES;
				CLANG_WARN_DIRECT_OBJC_ISA_USAGE = YES_ERROR;
				CLANG_WARN_DOCUMENTATION_COMMENTS = YES;
				CLANG_WARN_EMPTY_BODY = YES;
				CLANG_WARN_ENUM_CONVERSION = YES;
				CLANG_WARN_INFINITE_RECURSION = YES;
				CLANG_WARN_INT_CONVERSION = YES;
				CLANG_WARN_OBJC_ROOT_CLASS = YES_ERROR;
				CLANG_WARN_SUSPICIOUS_MOVES = YES;
				CLANG_WARN_UNREACHABLE_CODE = YES;
				CLANG_WARN__DUPLICATE_METHOD_MATCH = YES;
				"CODE_SIGN_IDENTITY[sdk=iphoneos*]" = "iPhone Developer";
				COPY_PHASE_STRIP = NO;
				DEBUG_INFORMATION_FORMAT = "dwarf-with-dsym";
				ENABLE_NS_ASSERTIONS = NO;
				ENABLE_STRICT_OBJC_MSGSEND = YES;
				GCC_C_LANGUAGE_STANDARD = gnu99;
				GCC_NO_COMMON_BLOCKS = YES;
				GCC_WARN_64_TO_32_BIT_CONVERSION = YES;
				GCC_WARN_ABOUT_RETURN_TYPE = YES_ERROR;
				GCC_WARN_UNDECLARED_SELECTOR = YES;
				GCC_WARN_UNINITIALIZED_AUTOS = YES_AGGRESSIVE;
				GCC_WARN_UNUSED_FUNCTION = YES;
				GCC_WARN_UNUSED_VARIABLE = YES;
				IPHONEOS_DEPLOYMENT_TARGET = 10.0;
				MTL_ENABLE_DEBUG_INFO = NO;
				SDKROOT = iphoneos;
				SWIFT_OPTIMIZATION_LEVEL = "-Owholemodule";
				TARGETED_DEVICE_FAMILY = "1,2";
				VALIDATE_PRODUCT = YES;
			};
			name = Release;
		};
		4ACEB5A41DD17F7700D1A058 /* Debug */ = {
			isa = XCBuildConfiguration;
			buildSettings = {
				ASSETCATALOG_COMPILER_APPICON_NAME = AppIcon;
				DEVELOPMENT_TEAM = LG24S6VK7R;
				INFOPLIST_FILE = ScanQRCode/Info.plist;
				IPHONEOS_DEPLOYMENT_TARGET = 9.1;
				LD_RUNPATH_SEARCH_PATHS = "$(inherited) @executable_path/Frameworks";
				PRODUCT_BUNDLE_IDENTIFIER = www.simpsons.com.ScanQRCode;
				PRODUCT_NAME = "$(TARGET_NAME)";
				SWIFT_VERSION = 3.0;
			};
			name = Debug;
		};
		4ACEB5A51DD17F7700D1A058 /* Release */ = {
			isa = XCBuildConfiguration;
			buildSettings = {
				ASSETCATALOG_COMPILER_APPICON_NAME = AppIcon;
				DEVELOPMENT_TEAM = LG24S6VK7R;
				INFOPLIST_FILE = ScanQRCode/Info.plist;
				IPHONEOS_DEPLOYMENT_TARGET = 9.1;
				LD_RUNPATH_SEARCH_PATHS = "$(inherited) @executable_path/Frameworks";
				PRODUCT_BUNDLE_IDENTIFIER = www.simpsons.com.ScanQRCode;
				PRODUCT_NAME = "$(TARGET_NAME)";
				SWIFT_VERSION = 3.0;
			};
			name = Release;
		};
		4ACEB5A71DD17F7700D1A058 /* Debug */ = {
			isa = XCBuildConfiguration;
			buildSettings = {
				ALWAYS_EMBED_SWIFT_STANDARD_LIBRARIES = YES;
				BUNDLE_LOADER = "$(TEST_HOST)";
				INFOPLIST_FILE = ScanQRCodeTests/Info.plist;
				LD_RUNPATH_SEARCH_PATHS = "$(inherited) @executable_path/Frameworks @loader_path/Frameworks";
				PRODUCT_BUNDLE_IDENTIFIER = www.simpsons.com.ScanQRCodeTests;
				PRODUCT_NAME = "$(TARGET_NAME)";
				SWIFT_VERSION = 3.0;
				TEST_HOST = "$(BUILT_PRODUCTS_DIR)/ScanQRCode.app/ScanQRCode";
			};
			name = Debug;
		};
		4ACEB5A81DD17F7700D1A058 /* Release */ = {
			isa = XCBuildConfiguration;
			buildSettings = {
				ALWAYS_EMBED_SWIFT_STANDARD_LIBRARIES = YES;
				BUNDLE_LOADER = "$(TEST_HOST)";
				INFOPLIST_FILE = ScanQRCodeTests/Info.plist;
				LD_RUNPATH_SEARCH_PATHS = "$(inherited) @executable_path/Frameworks @loader_path/Frameworks";
				PRODUCT_BUNDLE_IDENTIFIER = www.simpsons.com.ScanQRCodeTests;
				PRODUCT_NAME = "$(TARGET_NAME)";
				SWIFT_VERSION = 3.0;
				TEST_HOST = "$(BUILT_PRODUCTS_DIR)/ScanQRCode.app/ScanQRCode";
			};
			name = Release;
		};
		4ACEB5AA1DD17F7700D1A058 /* Debug */ = {
			isa = XCBuildConfiguration;
			buildSettings = {
				ALWAYS_EMBED_SWIFT_STANDARD_LIBRARIES = YES;
				INFOPLIST_FILE = ScanQRCodeUITests/Info.plist;
				LD_RUNPATH_SEARCH_PATHS = "$(inherited) @executable_path/Frameworks @loader_path/Frameworks";
				PRODUCT_BUNDLE_IDENTIFIER = www.simpsons.com.ScanQRCodeUITests;
				PRODUCT_NAME = "$(TARGET_NAME)";
				SWIFT_VERSION = 3.0;
				TEST_TARGET_NAME = ScanQRCode;
			};
			name = Debug;
		};
		4ACEB5AB1DD17F7700D1A058 /* Release */ = {
			isa = XCBuildConfiguration;
			buildSettings = {
				ALWAYS_EMBED_SWIFT_STANDARD_LIBRARIES = YES;
				INFOPLIST_FILE = ScanQRCodeUITests/Info.plist;
				LD_RUNPATH_SEARCH_PATHS = "$(inherited) @executable_path/Frameworks @loader_path/Frameworks";
				PRODUCT_BUNDLE_IDENTIFIER = www.simpsons.com.ScanQRCodeUITests;
				PRODUCT_NAME = "$(TARGET_NAME)";
				SWIFT_VERSION = 3.0;
				TEST_TARGET_NAME = ScanQRCode;
			};
			name = Release;
		};
/* End XCBuildConfiguration section */

/* Begin XCConfigurationList section */
		4ACEB5761DD17F7600D1A058 /* Build configuration list for PBXProject "ScanQRCode" */ = {
			isa = XCConfigurationList;
			buildConfigurations = (
				4ACEB5A11DD17F7700D1A058 /* Debug */,
				4ACEB5A21DD17F7700D1A058 /* Release */,
			);
			defaultConfigurationIsVisible = 0;
			defaultConfigurationName = Release;
		};
		4ACEB5A31DD17F7700D1A058 /* Build configuration list for PBXNativeTarget "ScanQRCode" */ = {
			isa = XCConfigurationList;
			buildConfigurations = (
				4ACEB5A41DD17F7700D1A058 /* Debug */,
				4ACEB5A51DD17F7700D1A058 /* Release */,
			);
			defaultConfigurationIsVisible = 0;
			defaultConfigurationName = Release;
		};
		4ACEB5A61DD17F7700D1A058 /* Build configuration list for PBXNativeTarget "ScanQRCodeTests" */ = {
			isa = XCConfigurationList;
			buildConfigurations = (
				4ACEB5A71DD17F7700D1A058 /* Debug */,
				4ACEB5A81DD17F7700D1A058 /* Release */,
			);
			defaultConfigurationIsVisible = 0;
			defaultConfigurationName = Release;
		};
		4ACEB5A91DD17F7700D1A058 /* Build configuration list for PBXNativeTarget "ScanQRCodeUITests" */ = {
			isa = XCConfigurationList;
			buildConfigurations = (
				4ACEB5AA1DD17F7700D1A058 /* Debug */,
				4ACEB5AB1DD17F7700D1A058 /* Release */,
			);
			defaultConfigurationIsVisible = 0;
			defaultConfigurationName = Release;
		};
/* End XCConfigurationList section */
	};
	rootObject = 4ACEB5731DD17F7600D1A058 /* Project object */;
}
